schema: '2.0'
stages:
  prepare:
    cmd: python src/prepare.py
    deps:
    - path: src/prepare.py
      hash: md5
      md5: 9c25c1f7fbe10ffa9ae7adf745f44570
      size: 1254
    outs:
    - path: data/processed
      hash: md5
      md5: 4eb9d671b1414f2e2279a50e9f3f63e9.dir
      size: 4814
      nfiles: 2
  train:
    cmd: python src/train.py
    deps:
    - path: data/processed
      hash: md5
      md5: 4eb9d671b1414f2e2279a50e9f3f63e9.dir
      size: 4814
      nfiles: 2
    - path: src/train.py
      hash: md5
      md5: 6b2ef1991e97780f9298cae8fcf8fd65
      size: 1459
    outs:
    - path: model.pkl
      hash: md5
      md5: 27bf5af897bfd419d39dd5c608837d1b
      size: 1423
